{
  "version": 4,
  "terraform_version": "1.0.11",
  "serial": 31,
  "lineage": "7aa7cba1-928f-b3ed-dbb6-eeaaf74cb3d3",
  "outputs": {
    "external_ip_address_node01": {
      "value": "51.250.12.175",
      "type": "string"
    },
    "external_ip_address_node02": {
      "value": "51.250.11.0",
      "type": "string"
    },
    "external_ip_address_node03": {
      "value": "51.250.0.21",
      "type": "string"
    },
    "external_ip_address_node04": {
      "value": "51.250.15.61",
      "type": "string"
    },
    "external_ip_address_node05": {
      "value": "51.250.15.157",
      "type": "string"
    },
    "external_ip_address_node06": {
      "value": "51.250.4.72",
      "type": "string"
    },
    "internal_ip_address_node01": {
      "value": "192.168.101.11",
      "type": "string"
    },
    "internal_ip_address_node02": {
      "value": "192.168.101.12",
      "type": "string"
    },
    "internal_ip_address_node03": {
      "value": "192.168.101.13",
      "type": "string"
    },
    "internal_ip_address_node04": {
      "value": "192.168.101.14",
      "type": "string"
    },
    "internal_ip_address_node05": {
      "value": "192.168.101.15",
      "type": "string"
    },
    "internal_ip_address_node06": {
      "value": "192.168.101.16",
      "type": "string"
    }
  },
  "resources": [
    {
      "mode": "managed",
      "type": "local_file",
      "name": "inventory",
      "provider": "provider[\"registry.terraform.io/hashicorp/local\"]",
      "instances": [
        {
          "schema_version": 0,
          "attributes": {
            "content": "# Ansible inventory containing variable values from Terraform.\n# Generated by Terraform.\n\n[nodes:children]\nmanagers\nworkers\n\n[managers:children]\nactive\nstandby\n\n[active]\nnode01.netology.yc ansible_host=51.250.12.175\n\n[standby]\nnode02.netology.yc ansible_host=51.250.11.0\nnode03.netology.yc ansible_host=51.250.0.21\n\n[workers]\nnode04.netology.yc ansible_host=51.250.15.61\nnode05.netology.yc ansible_host=51.250.15.157\nnode06.netology.yc ansible_host=51.250.4.72\n",
            "content_base64": null,
            "directory_permission": "0777",
            "file_permission": "0777",
            "filename": "../ansible/inventory",
            "id": "412b662ace7391e7346a8761dc921a7e64d9cae6",
            "sensitive_content": null,
            "source": null
          },
          "sensitive_attributes": [],
          "private": "bnVsbA==",
          "dependencies": [
            "yandex_compute_instance.node01",
            "yandex_compute_instance.node02",
            "yandex_compute_instance.node03",
            "yandex_compute_instance.node04",
            "yandex_compute_instance.node05",
            "yandex_compute_instance.node06",
            "yandex_vpc_subnet.default"
          ]
        }
      ]
    },
    {
      "mode": "managed",
      "type": "null_resource",
      "name": "cluster",
      "provider": "provider[\"registry.terraform.io/hashicorp/null\"]",
      "instances": [
        {
          "schema_version": 0,
          "attributes": {
            "id": "3970438163775307785",
            "triggers": null
          },
          "sensitive_attributes": [],
          "private": "bnVsbA==",
          "dependencies": [
            "null_resource.wait"
          ]
        }
      ]
    },
    {
      "mode": "managed",
      "type": "null_resource",
      "name": "monitoring",
      "provider": "provider[\"registry.terraform.io/hashicorp/null\"]",
      "instances": [
        {
          "schema_version": 0,
          "attributes": {
            "id": "5439638552777756907",
            "triggers": null
          },
          "sensitive_attributes": [],
          "private": "bnVsbA==",
          "dependencies": [
            "null_resource.cluster",
            "null_resource.sync",
            "null_resource.wait"
          ]
        }
      ]
    },
    {
      "mode": "managed",
      "type": "null_resource",
      "name": "sync",
      "provider": "provider[\"registry.terraform.io/hashicorp/null\"]",
      "instances": [
        {
          "schema_version": 0,
          "attributes": {
            "id": "6603552794688458678",
            "triggers": null
          },
          "sensitive_attributes": [],
          "private": "bnVsbA==",
          "dependencies": [
            "null_resource.cluster",
            "null_resource.wait"
          ]
        }
      ]
    },
    {
      "mode": "managed",
      "type": "null_resource",
      "name": "wait",
      "provider": "provider[\"registry.terraform.io/hashicorp/null\"]",
      "instances": [
        {
          "schema_version": 0,
          "attributes": {
            "id": "2172204313955577520",
            "triggers": null
          },
          "sensitive_attributes": [],
          "private": "bnVsbA==",
          "dependencies": [
            "yandex_vpc_network.default",
            "local_file.inventory",
            "yandex_compute_instance.node01",
            "yandex_compute_instance.node02",
            "yandex_compute_instance.node03",
            "yandex_compute_instance.node04",
            "yandex_compute_instance.node05",
            "yandex_compute_instance.node06",
            "yandex_vpc_subnet.default"
          ]
        }
      ]
    },
    {
      "mode": "managed",
      "type": "yandex_compute_instance",
      "name": "node01",
      "provider": "provider[\"registry.terraform.io/yandex-cloud/yandex\"]",
      "instances": [
        {
          "schema_version": 1,
          "attributes": {
            "allow_stopping_for_update": true,
            "boot_disk": [
              {
                "auto_delete": true,
                "device_name": "fhm7g26u72cus6t3ohdd",
                "disk_id": "fhm7g26u72cus6t3ohdd",
                "initialize_params": [
                  {
                    "description": "",
                    "image_id": "fd8dug98skfn0dd0hfls",
                    "name": "root-node01",
                    "size": 10,
                    "snapshot_id": "",
                    "type": "network-ssd"
                  }
                ],
                "mode": "READ_WRITE"
              }
            ],
            "created_at": "2021-11-28T17:20:56Z",
            "description": "",
            "folder_id": "b1gvtndpj707oc5sjqj9",
            "fqdn": "node01.netology.yc",
            "hostname": "node01",
            "id": "fhm6r161ohf09fdgvall",
            "labels": null,
            "metadata": {
              "ssh-keys": "centos:ssh-rsa AAAAB3NzaC1yc2EAAAADAQABAAABAQDMzPL7c1OJCO8bdTkhE4xehlvief+owQmK4DFh5Q/s01zBJBnabkY4b3opTc3/htGbuZ+dDJeDGyyDxPtvORPQqoJCSaLd98/demJIIOdMNFCkKmt/r9SU+QYlVF6EqrGMcEJAKm5fsAh7bi1fFWLgTNXkcpLwCVnarEeqWeGi41A2E3jWVCZDHgwpdOXBunHe9pLlYgTvPsb8NYBxhhhB78ekwnFmQg1H1lQU3U3LS+94NSE4CA30BFL6G8mHSYGHqPvVKB+pF4uYre/qv39YE4gfMH4BDy1zFplkLuELKJo0ut3Z2kBPv+DSJ9t3Ja5l+GtCfv6qFYI1qSswtNWr eugene@eugene-Notebook\n"
            },
            "name": "node01",
            "network_acceleration_type": "standard",
            "network_interface": [
              {
                "dns_record": [],
                "index": 0,
                "ip_address": "192.168.101.11",
                "ipv4": true,
                "ipv6": false,
                "ipv6_address": "",
                "ipv6_dns_record": [],
                "mac_address": "d0:0d:6d:84:c1:c4",
                "nat": true,
                "nat_dns_record": [],
                "nat_ip_address": "51.250.12.175",
                "nat_ip_version": "IPV4",
                "security_group_ids": [],
                "subnet_id": "e9bvth0cssbklepv0r2s"
              }
            ],
            "placement_policy": [
              {
                "placement_group_id": ""
              }
            ],
            "platform_id": "standard-v1",
            "resources": [
              {
                "core_fraction": 100,
                "cores": 4,
                "gpus": 0,
                "memory": 8
              }
            ],
            "scheduling_policy": [
              {
                "preemptible": false
              }
            ],
            "secondary_disk": [],
            "service_account_id": "",
            "status": "running",
            "timeouts": null,
            "zone": "ru-central1-a"
          },
          "sensitive_attributes": [],
          "private": "eyJlMmJmYjczMC1lY2FhLTExZTYtOGY4OC0zNDM2M2JjN2M0YzAiOnsiY3JlYXRlIjozMDAwMDAwMDAwMDAsImRlbGV0ZSI6MzAwMDAwMDAwMDAwLCJ1cGRhdGUiOjMwMDAwMDAwMDAwMH0sInNjaGVtYV92ZXJzaW9uIjoiMSJ9",
          "dependencies": [
            "yandex_vpc_subnet.default"
          ]
        }
      ]
    },
    {
      "mode": "managed",
      "type": "yandex_compute_instance",
      "name": "node02",
      "provider": "provider[\"registry.terraform.io/yandex-cloud/yandex\"]",
      "instances": [
        {
          "schema_version": 1,
          "attributes": {
            "allow_stopping_for_update": true,
            "boot_disk": [
              {
                "auto_delete": true,
                "device_name": "fhm3m7v1k1v9ehnnq9bm",
                "disk_id": "fhm3m7v1k1v9ehnnq9bm",
                "initialize_params": [
                  {
                    "description": "",
                    "image_id": "fd8dug98skfn0dd0hfls",
                    "name": "root-node02",
                    "size": 10,
                    "snapshot_id": "",
                    "type": "network-ssd"
                  }
                ],
                "mode": "READ_WRITE"
              }
            ],
            "created_at": "2021-11-28T17:20:56Z",
            "description": "",
            "folder_id": "b1gvtndpj707oc5sjqj9",
            "fqdn": "node02.netology.yc",
            "hostname": "node02",
            "id": "fhm6epuvnrqas6oefcvq",
            "labels": null,
            "metadata": {
              "ssh-keys": "centos:ssh-rsa AAAAB3NzaC1yc2EAAAADAQABAAABAQDMzPL7c1OJCO8bdTkhE4xehlvief+owQmK4DFh5Q/s01zBJBnabkY4b3opTc3/htGbuZ+dDJeDGyyDxPtvORPQqoJCSaLd98/demJIIOdMNFCkKmt/r9SU+QYlVF6EqrGMcEJAKm5fsAh7bi1fFWLgTNXkcpLwCVnarEeqWeGi41A2E3jWVCZDHgwpdOXBunHe9pLlYgTvPsb8NYBxhhhB78ekwnFmQg1H1lQU3U3LS+94NSE4CA30BFL6G8mHSYGHqPvVKB+pF4uYre/qv39YE4gfMH4BDy1zFplkLuELKJo0ut3Z2kBPv+DSJ9t3Ja5l+GtCfv6qFYI1qSswtNWr eugene@eugene-Notebook\n"
            },
            "name": "node02",
            "network_acceleration_type": "standard",
            "network_interface": [
              {
                "dns_record": [],
                "index": 0,
                "ip_address": "192.168.101.12",
                "ipv4": true,
                "ipv6": false,
                "ipv6_address": "",
                "ipv6_dns_record": [],
                "mac_address": "d0:0d:67:67:df:be",
                "nat": true,
                "nat_dns_record": [],
                "nat_ip_address": "51.250.11.0",
                "nat_ip_version": "IPV4",
                "security_group_ids": [],
                "subnet_id": "e9bvth0cssbklepv0r2s"
              }
            ],
            "placement_policy": [
              {
                "placement_group_id": ""
              }
            ],
            "platform_id": "standard-v1",
            "resources": [
              {
                "core_fraction": 100,
                "cores": 4,
                "gpus": 0,
                "memory": 8
              }
            ],
            "scheduling_policy": [
              {
                "preemptible": false
              }
            ],
            "secondary_disk": [],
            "service_account_id": "",
            "status": "running",
            "timeouts": null,
            "zone": "ru-central1-a"
          },
          "sensitive_attributes": [],
          "private": "eyJlMmJmYjczMC1lY2FhLTExZTYtOGY4OC0zNDM2M2JjN2M0YzAiOnsiY3JlYXRlIjozMDAwMDAwMDAwMDAsImRlbGV0ZSI6MzAwMDAwMDAwMDAwLCJ1cGRhdGUiOjMwMDAwMDAwMDAwMH0sInNjaGVtYV92ZXJzaW9uIjoiMSJ9",
          "dependencies": [
            "yandex_vpc_subnet.default"
          ]
        }
      ]
    },
    {
      "mode": "managed",
      "type": "yandex_compute_instance",
      "name": "node03",
      "provider": "provider[\"registry.terraform.io/yandex-cloud/yandex\"]",
      "instances": [
        {
          "schema_version": 1,
          "attributes": {
            "allow_stopping_for_update": true,
            "boot_disk": [
              {
                "auto_delete": true,
                "device_name": "fhm5a1aa9m0k9f3fkfbj",
                "disk_id": "fhm5a1aa9m0k9f3fkfbj",
                "initialize_params": [
                  {
                    "description": "",
                    "image_id": "fd8dug98skfn0dd0hfls",
                    "name": "root-node03",
                    "size": 10,
                    "snapshot_id": "",
                    "type": "network-ssd"
                  }
                ],
                "mode": "READ_WRITE"
              }
            ],
            "created_at": "2021-11-28T17:20:57Z",
            "description": "",
            "folder_id": "b1gvtndpj707oc5sjqj9",
            "fqdn": "node03.netology.yc",
            "hostname": "node03",
            "id": "fhm8uvhs8q9b9vfe978u",
            "labels": null,
            "metadata": {
              "ssh-keys": "centos:ssh-rsa AAAAB3NzaC1yc2EAAAADAQABAAABAQDMzPL7c1OJCO8bdTkhE4xehlvief+owQmK4DFh5Q/s01zBJBnabkY4b3opTc3/htGbuZ+dDJeDGyyDxPtvORPQqoJCSaLd98/demJIIOdMNFCkKmt/r9SU+QYlVF6EqrGMcEJAKm5fsAh7bi1fFWLgTNXkcpLwCVnarEeqWeGi41A2E3jWVCZDHgwpdOXBunHe9pLlYgTvPsb8NYBxhhhB78ekwnFmQg1H1lQU3U3LS+94NSE4CA30BFL6G8mHSYGHqPvVKB+pF4uYre/qv39YE4gfMH4BDy1zFplkLuELKJo0ut3Z2kBPv+DSJ9t3Ja5l+GtCfv6qFYI1qSswtNWr eugene@eugene-Notebook\n"
            },
            "name": "node03",
            "network_acceleration_type": "standard",
            "network_interface": [
              {
                "dns_record": [],
                "index": 0,
                "ip_address": "192.168.101.13",
                "ipv4": true,
                "ipv6": false,
                "ipv6_address": "",
                "ipv6_dns_record": [],
                "mac_address": "d0:0d:8f:7e:3c:46",
                "nat": true,
                "nat_dns_record": [],
                "nat_ip_address": "51.250.0.21",
                "nat_ip_version": "IPV4",
                "security_group_ids": [],
                "subnet_id": "e9bvth0cssbklepv0r2s"
              }
            ],
            "placement_policy": [
              {
                "placement_group_id": ""
              }
            ],
            "platform_id": "standard-v1",
            "resources": [
              {
                "core_fraction": 100,
                "cores": 4,
                "gpus": 0,
                "memory": 8
              }
            ],
            "scheduling_policy": [
              {
                "preemptible": false
              }
            ],
            "secondary_disk": [],
            "service_account_id": "",
            "status": "running",
            "timeouts": null,
            "zone": "ru-central1-a"
          },
          "sensitive_attributes": [],
          "private": "eyJlMmJmYjczMC1lY2FhLTExZTYtOGY4OC0zNDM2M2JjN2M0YzAiOnsiY3JlYXRlIjozMDAwMDAwMDAwMDAsImRlbGV0ZSI6MzAwMDAwMDAwMDAwLCJ1cGRhdGUiOjMwMDAwMDAwMDAwMH0sInNjaGVtYV92ZXJzaW9uIjoiMSJ9",
          "dependencies": [
            "yandex_vpc_subnet.default"
          ]
        }
      ]
    },
    {
      "mode": "managed",
      "type": "yandex_compute_instance",
      "name": "node04",
      "provider": "provider[\"registry.terraform.io/yandex-cloud/yandex\"]",
      "instances": [
        {
          "schema_version": 1,
          "attributes": {
            "allow_stopping_for_update": true,
            "boot_disk": [
              {
                "auto_delete": true,
                "device_name": "fhmibtg27gh2tkn7ica2",
                "disk_id": "fhmibtg27gh2tkn7ica2",
                "initialize_params": [
                  {
                    "description": "",
                    "image_id": "fd8dug98skfn0dd0hfls",
                    "name": "root-node04",
                    "size": 40,
                    "snapshot_id": "",
                    "type": "network-ssd"
                  }
                ],
                "mode": "READ_WRITE"
              }
            ],
            "created_at": "2021-11-28T17:20:56Z",
            "description": "",
            "folder_id": "b1gvtndpj707oc5sjqj9",
            "fqdn": "node04.netology.yc",
            "hostname": "node04",
            "id": "fhmovi1qi82ggpqi1fhd",
            "labels": null,
            "metadata": {
              "ssh-keys": "centos:ssh-rsa AAAAB3NzaC1yc2EAAAADAQABAAABAQDMzPL7c1OJCO8bdTkhE4xehlvief+owQmK4DFh5Q/s01zBJBnabkY4b3opTc3/htGbuZ+dDJeDGyyDxPtvORPQqoJCSaLd98/demJIIOdMNFCkKmt/r9SU+QYlVF6EqrGMcEJAKm5fsAh7bi1fFWLgTNXkcpLwCVnarEeqWeGi41A2E3jWVCZDHgwpdOXBunHe9pLlYgTvPsb8NYBxhhhB78ekwnFmQg1H1lQU3U3LS+94NSE4CA30BFL6G8mHSYGHqPvVKB+pF4uYre/qv39YE4gfMH4BDy1zFplkLuELKJo0ut3Z2kBPv+DSJ9t3Ja5l+GtCfv6qFYI1qSswtNWr eugene@eugene-Notebook\n"
            },
            "name": "node04",
            "network_acceleration_type": "standard",
            "network_interface": [
              {
                "dns_record": [],
                "index": 0,
                "ip_address": "192.168.101.14",
                "ipv4": true,
                "ipv6": false,
                "ipv6_address": "",
                "ipv6_dns_record": [],
                "mac_address": "d0:0d:18:fc:83:a9",
                "nat": true,
                "nat_dns_record": [],
                "nat_ip_address": "51.250.15.61",
                "nat_ip_version": "IPV4",
                "security_group_ids": [],
                "subnet_id": "e9bvth0cssbklepv0r2s"
              }
            ],
            "placement_policy": [
              {
                "placement_group_id": ""
              }
            ],
            "platform_id": "standard-v1",
            "resources": [
              {
                "core_fraction": 100,
                "cores": 4,
                "gpus": 0,
                "memory": 8
              }
            ],
            "scheduling_policy": [
              {
                "preemptible": false
              }
            ],
            "secondary_disk": [],
            "service_account_id": "",
            "status": "running",
            "timeouts": null,
            "zone": "ru-central1-a"
          },
          "sensitive_attributes": [],
          "private": "eyJlMmJmYjczMC1lY2FhLTExZTYtOGY4OC0zNDM2M2JjN2M0YzAiOnsiY3JlYXRlIjozMDAwMDAwMDAwMDAsImRlbGV0ZSI6MzAwMDAwMDAwMDAwLCJ1cGRhdGUiOjMwMDAwMDAwMDAwMH0sInNjaGVtYV92ZXJzaW9uIjoiMSJ9",
          "dependencies": [
            "yandex_vpc_subnet.default"
          ]
        }
      ]
    },
    {
      "mode": "managed",
      "type": "yandex_compute_instance",
      "name": "node05",
      "provider": "provider[\"registry.terraform.io/yandex-cloud/yandex\"]",
      "instances": [
        {
          "schema_version": 1,
          "attributes": {
            "allow_stopping_for_update": true,
            "boot_disk": [
              {
                "auto_delete": true,
                "device_name": "fhmt8d8cbhfc2c8j0jeu",
                "disk_id": "fhmt8d8cbhfc2c8j0jeu",
                "initialize_params": [
                  {
                    "description": "",
                    "image_id": "fd8dug98skfn0dd0hfls",
                    "name": "root-node05",
                    "size": 40,
                    "snapshot_id": "",
                    "type": "network-ssd"
                  }
                ],
                "mode": "READ_WRITE"
              }
            ],
            "created_at": "2021-11-28T17:21:11Z",
            "description": "",
            "folder_id": "b1gvtndpj707oc5sjqj9",
            "fqdn": "node05.netology.yc",
            "hostname": "node05",
            "id": "fhm4n2n0pobqakmdahff",
            "labels": null,
            "metadata": {
              "ssh-keys": "centos:ssh-rsa AAAAB3NzaC1yc2EAAAADAQABAAABAQDMzPL7c1OJCO8bdTkhE4xehlvief+owQmK4DFh5Q/s01zBJBnabkY4b3opTc3/htGbuZ+dDJeDGyyDxPtvORPQqoJCSaLd98/demJIIOdMNFCkKmt/r9SU+QYlVF6EqrGMcEJAKm5fsAh7bi1fFWLgTNXkcpLwCVnarEeqWeGi41A2E3jWVCZDHgwpdOXBunHe9pLlYgTvPsb8NYBxhhhB78ekwnFmQg1H1lQU3U3LS+94NSE4CA30BFL6G8mHSYGHqPvVKB+pF4uYre/qv39YE4gfMH4BDy1zFplkLuELKJo0ut3Z2kBPv+DSJ9t3Ja5l+GtCfv6qFYI1qSswtNWr eugene@eugene-Notebook\n"
            },
            "name": "node05",
            "network_acceleration_type": "standard",
            "network_interface": [
              {
                "dns_record": [],
                "index": 0,
                "ip_address": "192.168.101.15",
                "ipv4": true,
                "ipv6": false,
                "ipv6_address": "",
                "ipv6_dns_record": [],
                "mac_address": "d0:0d:4b:8a:e0:ce",
                "nat": true,
                "nat_dns_record": [],
                "nat_ip_address": "51.250.15.157",
                "nat_ip_version": "IPV4",
                "security_group_ids": [],
                "subnet_id": "e9bvth0cssbklepv0r2s"
              }
            ],
            "placement_policy": [
              {
                "placement_group_id": ""
              }
            ],
            "platform_id": "standard-v1",
            "resources": [
              {
                "core_fraction": 100,
                "cores": 4,
                "gpus": 0,
                "memory": 8
              }
            ],
            "scheduling_policy": [
              {
                "preemptible": false
              }
            ],
            "secondary_disk": [],
            "service_account_id": "",
            "status": "running",
            "timeouts": null,
            "zone": "ru-central1-a"
          },
          "sensitive_attributes": [],
          "private": "eyJlMmJmYjczMC1lY2FhLTExZTYtOGY4OC0zNDM2M2JjN2M0YzAiOnsiY3JlYXRlIjozMDAwMDAwMDAwMDAsImRlbGV0ZSI6MzAwMDAwMDAwMDAwLCJ1cGRhdGUiOjMwMDAwMDAwMDAwMH0sInNjaGVtYV92ZXJzaW9uIjoiMSJ9",
          "dependencies": [
            "yandex_vpc_subnet.default"
          ]
        }
      ]
    },
    {
      "mode": "managed",
      "type": "yandex_compute_instance",
      "name": "node06",
      "provider": "provider[\"registry.terraform.io/yandex-cloud/yandex\"]",
      "instances": [
        {
          "schema_version": 1,
          "attributes": {
            "allow_stopping_for_update": true,
            "boot_disk": [
              {
                "auto_delete": true,
                "device_name": "fhmii6u1kud5j9omemjj",
                "disk_id": "fhmii6u1kud5j9omemjj",
                "initialize_params": [
                  {
                    "description": "",
                    "image_id": "fd8dug98skfn0dd0hfls",
                    "name": "root-node06",
                    "size": 40,
                    "snapshot_id": "",
                    "type": "network-ssd"
                  }
                ],
                "mode": "READ_WRITE"
              }
            ],
            "created_at": "2021-11-28T17:21:00Z",
            "description": "",
            "folder_id": "b1gvtndpj707oc5sjqj9",
            "fqdn": "node06.netology.yc",
            "hostname": "node06",
            "id": "fhmuhj0d1pvve5hrsbl8",
            "labels": null,
            "metadata": {
              "ssh-keys": "centos:ssh-rsa AAAAB3NzaC1yc2EAAAADAQABAAABAQDMzPL7c1OJCO8bdTkhE4xehlvief+owQmK4DFh5Q/s01zBJBnabkY4b3opTc3/htGbuZ+dDJeDGyyDxPtvORPQqoJCSaLd98/demJIIOdMNFCkKmt/r9SU+QYlVF6EqrGMcEJAKm5fsAh7bi1fFWLgTNXkcpLwCVnarEeqWeGi41A2E3jWVCZDHgwpdOXBunHe9pLlYgTvPsb8NYBxhhhB78ekwnFmQg1H1lQU3U3LS+94NSE4CA30BFL6G8mHSYGHqPvVKB+pF4uYre/qv39YE4gfMH4BDy1zFplkLuELKJo0ut3Z2kBPv+DSJ9t3Ja5l+GtCfv6qFYI1qSswtNWr eugene@eugene-Notebook\n"
            },
            "name": "node06",
            "network_acceleration_type": "standard",
            "network_interface": [
              {
                "dns_record": [],
                "index": 0,
                "ip_address": "192.168.101.16",
                "ipv4": true,
                "ipv6": false,
                "ipv6_address": "",
                "ipv6_dns_record": [],
                "mac_address": "d0:0d:1e:8c:c0:d0",
                "nat": true,
                "nat_dns_record": [],
                "nat_ip_address": "51.250.4.72",
                "nat_ip_version": "IPV4",
                "security_group_ids": [],
                "subnet_id": "e9bvth0cssbklepv0r2s"
              }
            ],
            "placement_policy": [
              {
                "placement_group_id": ""
              }
            ],
            "platform_id": "standard-v1",
            "resources": [
              {
                "core_fraction": 100,
                "cores": 4,
                "gpus": 0,
                "memory": 8
              }
            ],
            "scheduling_policy": [
              {
                "preemptible": false
              }
            ],
            "secondary_disk": [],
            "service_account_id": "",
            "status": "running",
            "timeouts": null,
            "zone": "ru-central1-a"
          },
          "sensitive_attributes": [],
          "private": "eyJlMmJmYjczMC1lY2FhLTExZTYtOGY4OC0zNDM2M2JjN2M0YzAiOnsiY3JlYXRlIjozMDAwMDAwMDAwMDAsImRlbGV0ZSI6MzAwMDAwMDAwMDAwLCJ1cGRhdGUiOjMwMDAwMDAwMDAwMH0sInNjaGVtYV92ZXJzaW9uIjoiMSJ9",
          "dependencies": [
            "yandex_vpc_subnet.default"
          ]
        }
      ]
    },
    {
      "mode": "managed",
      "type": "yandex_vpc_network",
      "name": "default",
      "provider": "provider[\"registry.terraform.io/yandex-cloud/yandex\"]",
      "instances": [
        {
          "schema_version": 0,
          "attributes": {
            "created_at": "2021-11-28T17:15:48Z",
            "default_security_group_id": "",
            "description": "",
            "folder_id": "b1gvtndpj707oc5sjqj9",
            "id": "enpiurclo0gfduncrs5r",
            "labels": {},
            "name": "net",
            "subnet_ids": [
              "e9bvth0cssbklepv0r2s"
            ],
            "timeouts": null
          },
          "sensitive_attributes": [],
          "private": "eyJlMmJmYjczMC1lY2FhLTExZTYtOGY4OC0zNDM2M2JjN2M0YzAiOnsiY3JlYXRlIjo2MDAwMDAwMDAwMCwiZGVsZXRlIjo2MDAwMDAwMDAwMCwidXBkYXRlIjo2MDAwMDAwMDAwMH19"
        }
      ]
    },
    {
      "mode": "managed",
      "type": "yandex_vpc_subnet",
      "name": "default",
      "provider": "provider[\"registry.terraform.io/yandex-cloud/yandex\"]",
      "instances": [
        {
          "schema_version": 0,
          "attributes": {
            "created_at": "2021-11-28T17:15:49Z",
            "description": "",
            "dhcp_options": [],
            "folder_id": "b1gvtndpj707oc5sjqj9",
            "id": "e9bvth0cssbklepv0r2s",
            "labels": {},
            "name": "subnet",
            "network_id": "enpiurclo0gfduncrs5r",
            "route_table_id": "",
            "timeouts": null,
            "v4_cidr_blocks": [
              "192.168.101.0/24"
            ],
            "v6_cidr_blocks": [],
            "zone": "ru-central1-a"
          },
          "sensitive_attributes": [],
          "private": "eyJlMmJmYjczMC1lY2FhLTExZTYtOGY4OC0zNDM2M2JjN2M0YzAiOnsiY3JlYXRlIjoxODAwMDAwMDAwMDAsImRlbGV0ZSI6MTgwMDAwMDAwMDAwLCJ1cGRhdGUiOjE4MDAwMDAwMDAwMH19",
          "dependencies": [
            "yandex_vpc_network.default"
          ]
        }
      ]
    }
  ]
}
